
Microsoft Visual Studio Solution File, Format Version 12.00
# Visual Studio Version 16
VisualStudioVersion = 16.0.32602.291
MinimumVisualStudioVersion = 10.0.40219.1
Project("{9A19103F-16F7-4668-BE54-9A1E7A4F7556}") = "Template.Domain", "src\Template.Domain\Template.Domain.csproj", "{72D3774F-CFAD-4FB4-A7E6-C0E998538B34}"
EndProject
Project("{9A19103F-16F7-4668-BE54-9A1E7A4F7556}") = "Template.Infra.CrossCutting", "src\Template.Infra.CrossCutting\Template.Infra.CrossCutting.csproj", "{B85F3A00-84D6-46A3-B4AF-5FF2DC2B799B}"
EndProject
Project("{9A19103F-16F7-4668-BE54-9A1E7A4F7556}") = "Template.Shared.Core", "src\Template.Core\Template.Shared.Core.csproj", "{BF90F5FA-EA94-49F5-B8B6-CF0B6B16CE80}"
EndProject
Project("{2150E333-8FDC-42A3-9474-1A3956D46DE8}") = "Api", "Api", "{0E2D87C4-7BBA-42B9-8CE1-57FF88EF4ECE}"
EndProject
Project("{2150E333-8FDC-42A3-9474-1A3956D46DE8}") = "Domain", "Domain", "{DB484B80-D93C-42D2-BB15-8ECF98B0A74A}"
EndProject
Project("{2150E333-8FDC-42A3-9474-1A3956D46DE8}") = "Infra", "Infra", "{96AE9C69-C656-483F-8248-55416F3300DD}"
EndProject
Project("{2150E333-8FDC-42A3-9474-1A3956D46DE8}") = "Core", "Core", "{623F8453-0FDE-4C60-A8F5-AB9E944BFF59}"
EndProject
Project("{9A19103F-16F7-4668-BE54-9A1E7A4F7556}") = "Template.Infra.Data", "src\Template.Infra.Data\Template.Infra.Data.csproj", "{700F59E1-2CF6-4766-B5A8-3A60AB8E976E}"
EndProject
Project("{9A19103F-16F7-4668-BE54-9A1E7A4F7556}") = "Template.Api", "src\Template.Api\Template.Api.csproj", "{BFB2F019-42F9-4630-B67D-A8D61B90C2C6}"
EndProject
Global
	GlobalSection(SolutionConfigurationPlatforms) = preSolution
		Debug|Any CPU = Debug|Any CPU
		Release|Any CPU = Release|Any CPU
	EndGlobalSection
	GlobalSection(ProjectConfigurationPlatforms) = postSolution
		{72D3774F-CFAD-4FB4-A7E6-C0E998538B34}.Debug|Any CPU.ActiveCfg = Debug|Any CPU
		{72D3774F-CFAD-4FB4-A7E6-C0E998538B34}.Debug|Any CPU.Build.0 = Debug|Any CPU
		{72D3774F-CFAD-4FB4-A7E6-C0E998538B34}.Release|Any CPU.ActiveCfg = Release|Any CPU
		{72D3774F-CFAD-4FB4-A7E6-C0E998538B34}.Release|Any CPU.Build.0 = Release|Any CPU
		{B85F3A00-84D6-46A3-B4AF-5FF2DC2B799B}.Debug|Any CPU.ActiveCfg = Debug|Any CPU
		{B85F3A00-84D6-46A3-B4AF-5FF2DC2B799B}.Debug|Any CPU.Build.0 = Debug|Any CPU
		{B85F3A00-84D6-46A3-B4AF-5FF2DC2B799B}.Release|Any CPU.ActiveCfg = Release|Any CPU
		{B85F3A00-84D6-46A3-B4AF-5FF2DC2B799B}.Release|Any CPU.Build.0 = Release|Any CPU
		{BF90F5FA-EA94-49F5-B8B6-CF0B6B16CE80}.Debug|Any CPU.ActiveCfg = Debug|Any CPU
		{BF90F5FA-EA94-49F5-B8B6-CF0B6B16CE80}.Debug|Any CPU.Build.0 = Debug|Any CPU
		{BF90F5FA-EA94-49F5-B8B6-CF0B6B16CE80}.Release|Any CPU.ActiveCfg = Release|Any CPU
		{BF90F5FA-EA94-49F5-B8B6-CF0B6B16CE80}.Release|Any CPU.Build.0 = Release|Any CPU
		{700F59E1-2CF6-4766-B5A8-3A60AB8E976E}.Debug|Any CPU.ActiveCfg = Debug|Any CPU
		{700F59E1-2CF6-4766-B5A8-3A60AB8E976E}.Debug|Any CPU.Build.0 = Debug|Any CPU
		{700F59E1-2CF6-4766-B5A8-3A60AB8E976E}.Release|Any CPU.ActiveCfg = Release|Any CPU
		{700F59E1-2CF6-4766-B5A8-3A60AB8E976E}.Release|Any CPU.Build.0 = Release|Any CPU
		{BFB2F019-42F9-4630-B67D-A8D61B90C2C6}.Debug|Any CPU.ActiveCfg = Debug|Any CPU
		{BFB2F019-42F9-4630-B67D-A8D61B90C2C6}.Debug|Any CPU.Build.0 = Debug|Any CPU
		{BFB2F019-42F9-4630-B67D-A8D61B90C2C6}.Release|Any CPU.ActiveCfg = Release|Any CPU
		{BFB2F019-42F9-4630-B67D-A8D61B90C2C6}.Release|Any CPU.Build.0 = Release|Any CPU
	EndGlobalSection
	GlobalSection(SolutionProperties) = preSolution
		HideSolutionNode = FALSE
	EndGlobalSection
	GlobalSection(NestedProjects) = preSolution
		{72D3774F-CFAD-4FB4-A7E6-C0E998538B34} = {DB484B80-D93C-42D2-BB15-8ECF98B0A74A}
		{B85F3A00-84D6-46A3-B4AF-5FF2DC2B799B} = {96AE9C69-C656-483F-8248-55416F3300DD}
		{BF90F5FA-EA94-49F5-B8B6-CF0B6B16CE80} = {623F8453-0FDE-4C60-A8F5-AB9E944BFF59}
		{700F59E1-2CF6-4766-B5A8-3A60AB8E976E} = {96AE9C69-C656-483F-8248-55416F3300DD}
		{BFB2F019-42F9-4630-B67D-A8D61B90C2C6} = {0E2D87C4-7BBA-42B9-8CE1-57FF88EF4ECE}
	EndGlobalSection
	GlobalSection(ExtensibilityGlobals) = postSolution
		SolutionGuid = {60B221C4-3E9F-4210-8EBE-EF6D7276C92A}
	EndGlobalSection
EndGlobal
